{
    "name": "@slimlib/store",
    "version": "1.6.2",
    "lockfileVersion": 3,
    "requires": true,
    "packages": {
        "": {
            "name": "@slimlib/store",
            "version": "1.6.2",
            "license": "MIT",
            "devDependencies": {
                "@preact/signals-core": "^1.8.0",
                "@reactively/core": "^0.0.8",
                "alien-signals": "^1.0.13",
                "solid-js": "^1.9.5"
            }
        },
        "../node_modules/.pnpm/@preact+signals-core@1.12.1/node_modules/@preact/signals-core": {
            "version": "1.12.1",
            "dev": true,
            "license": "MIT",
            "funding": {
                "type": "opencollective",
                "url": "https://opencollective.com/preact"
            }
        },
        "../node_modules/.pnpm/@reactively+core@0.0.8/node_modules/@reactively/core": {
            "version": "0.0.8",
            "dev": true,
            "license": "ISC"
        },
        "../node_modules/.pnpm/alien-signals@1.0.13/node_modules/alien-signals": {
            "version": "1.0.13",
            "dev": true,
            "license": "MIT",
            "devDependencies": {
                "@tsslint/cli": "latest",
                "@tsslint/config": "latest",
                "esbuild": "latest",
                "jest-extended": "latest",
                "mitata": "latest",
                "typescript": "latest",
                "vitest": "latest"
            }
        },
        "../node_modules/.pnpm/solid-js@1.9.10/node_modules/solid-js": {
            "version": "1.9.10",
            "dev": true,
            "license": "MIT",
            "dependencies": {
                "csstype": "^3.1.0",
                "seroval": "~1.3.0",
                "seroval-plugins": "~1.3.0"
            }
        },
        "node_modules/@preact/signals-core": {
            "resolved": "../node_modules/.pnpm/@preact+signals-core@1.12.1/node_modules/@preact/signals-core",
            "link": true
        },
        "node_modules/@reactively/core": {
            "resolved": "../node_modules/.pnpm/@reactively+core@0.0.8/node_modules/@reactively/core",
            "link": true
        },
        "node_modules/alien-signals": {
            "resolved": "../node_modules/.pnpm/alien-signals@1.0.13/node_modules/alien-signals",
            "link": true
        },
        "node_modules/solid-js": {
            "resolved": "../node_modules/.pnpm/solid-js@1.9.10/node_modules/solid-js",
            "link": true
        }
    }
}
